{
    "name": "assets",
    "lockfileVersion": 3,
    "requires": true,
    "packages": {
        "": {
            "dependencies": {
                "@heroicons/react": "^2.0.18",
                "daisyui": "latest",
                "howler": "^2.2.4"
            }
        },
        "node_modules/@heroicons/react": {
            "version": "2.2.0",
            "resolved": "https://registry.npmjs.org/@heroicons/react/-/react-2.2.0.tgz",
            "integrity": "sha512-LMcepvRaS9LYHJGsF0zzmgKCUim/X3N/DQKc4jepAXJ7l8QxJ1PmxJzqplF2Z3FE4PqBAIGyJAQ/w4B5dsqbtQ==",
            "license": "MIT",
            "peerDependencies": {
                "react": ">= 16 || ^19.0.0-rc"
            }
        },
        "node_modules/daisyui": {
            "version": "5.7.20",
            "resolved": "https://registry.npmjs.org/daisyui/-/daisyui-5.7.20.tgz",
            "integrity": "sha512-qoL9qXXo/K/MzcteD1SvZOSeBaL8F9qBJvwX3KEpiVHQLzIEtGkNl/ZznSI7J0d+qnQJa2dAAFzTFDAx9df1rw==",
            "license": "MIT",
            "funding": {
                "url": "https://github.com/saadeghi/daisyui?sponsor=1"
            }
        },
        "node_modules/howler": {
            "version": "2.2.4",
            "resolved": "https://registry.npmjs.org/howler/-/howler-2.2.4.tgz",
            "integrity": "sha512-iARIBPgcQrwtEr+tALF+rapJ8qSc+Set2GJQl7xT1MQzWaVkFebdJhR3alVlSiUf5U7nAANKuj3aWpwerocD5w==",
            "license": "MIT"
        },
        "node_modules/react": {
            "version": "19.2.8",
            "resolved": "https://registry.npmjs.org/react/-/react-19.2.8.tgz",
            "integrity": "sha512-PWaYA1L/q9u2u7xYQi+Y3L3Yfnie7XyLeaJICV1MGD6LprsBxcAqGjYyr0eY3p+QdsA+x/Irkt4Qif8D63+Sbw==",
            "license": "MIT",
            "peer": true,
            "engines": {
                "node": ">=0.10.0"
            }
        }
    }
}
